
Microsoft Visual Studio Solution File, Format Version 12.00
# Visual Studio Version 17
VisualStudioVersion = 17.0.31903.59
MinimumVisualStudioVersion = 10.0.40219.1
Project("{2150E333-8FDC-42A3-9474-1A3956D46DE8}") = "src", "src", "{A1111111-1111-1111-1111-111111111111}"
EndProject
Project("{2150E333-8FDC-42A3-9474-1A3956D46DE8}") = "Modules", "Modules", "{A2222222-2222-2222-2222-222222222222}"
EndProject
Project("{2150E333-8FDC-42A3-9474-1A3956D46DE8}") = "tests", "tests", "{A3333333-3333-3333-3333-333333333333}"
EndProject
Project("{FAE04EC0-301F-11D3-BF4B-00C04F79EFBC}") = "HireLens.SharedKernel", "src\HireLens.SharedKernel\HireLens.SharedKernel.csproj", "{B1111111-1111-1111-1111-111111111111}"
EndProject
Project("{FAE04EC0-301F-11D3-BF4B-00C04F79EFBC}") = "HireLens.Contracts", "src\HireLens.Contracts\HireLens.Contracts.csproj", "{B1111111-1111-1111-1111-111111111112}"
EndProject
Project("{FAE04EC0-301F-11D3-BF4B-00C04F79EFBC}") = "HireLens.Infrastructure", "src\HireLens.Infrastructure\HireLens.Infrastructure.csproj", "{B1111111-1111-1111-1111-111111111113}"
EndProject
Project("{FAE04EC0-301F-11D3-BF4B-00C04F79EFBC}") = "HireLens.AiGateway", "src\HireLens.AiGateway\HireLens.AiGateway.csproj", "{B1111111-1111-1111-1111-111111111114}"
EndProject
Project("{FAE04EC0-301F-11D3-BF4B-00C04F79EFBC}") = "HireLens.Api", "src\HireLens.Api\HireLens.Api.csproj", "{B1111111-1111-1111-1111-111111111115}"
EndProject
Project("{FAE04EC0-301F-11D3-BF4B-00C04F79EFBC}") = "HireLens.Worker", "src\HireLens.Worker\HireLens.Worker.csproj", "{B1111111-1111-1111-1111-111111111116}"
EndProject
Project("{FAE04EC0-301F-11D3-BF4B-00C04F79EFBC}") = "HireLens.Modules.Tenancy", "src\Modules\HireLens.Modules.Tenancy\HireLens.Modules.Tenancy.csproj", "{B1111111-1111-1111-1111-111111111117}"
EndProject
Project("{FAE04EC0-301F-11D3-BF4B-00C04F79EFBC}") = "HireLens.Modules.Identity", "src\Modules\HireLens.Modules.Identity\HireLens.Modules.Identity.csproj", "{B1111111-1111-1111-1111-111111111118}"
EndProject
Project("{FAE04EC0-301F-11D3-BF4B-00C04F79EFBC}") = "HireLens.Architecture.Tests", "tests\HireLens.Architecture.Tests\HireLens.Architecture.Tests.csproj", "{B1111111-1111-1111-1111-111111111119}"
EndProject
Project("{FAE04EC0-301F-11D3-BF4B-00C04F79EFBC}") = "HireLens.Unit.Tests", "tests\HireLens.Unit.Tests\HireLens.Unit.Tests.csproj", "{B1111111-1111-1111-1111-11111111111A}"
EndProject
Project("{FAE04EC0-301F-11D3-BF4B-00C04F79EFBC}") = "HireLens.Integration.Tests", "tests\HireLens.Integration.Tests\HireLens.Integration.Tests.csproj", "{B1111111-1111-1111-1111-11111111111B}"
EndProject
Project("{FAE04EC0-301F-11D3-BF4B-00C04F79EFBC}") = "HireLens.Modules.Recruiting", "src\Modules\HireLens.Modules.Recruiting\HireLens.Modules.Recruiting.csproj", "{AD6F44C0-B35C-475B-AFF1-9C93915BCF1A}"
EndProject
Project("{FAE04EC0-301F-11D3-BF4B-00C04F79EFBC}") = "HireLens.Modules.Candidate", "src\Modules\HireLens.Modules.Candidate\HireLens.Modules.Candidate.csproj", "{7E79330D-DBCE-4680-A1F7-309A5C498F4A}"
EndProject
Project("{FAE04EC0-301F-11D3-BF4B-00C04F79EFBC}") = "HireLens.Modules.Documents", "src\Modules\HireLens.Modules.Documents\HireLens.Modules.Documents.csproj", "{AC9538F1-DEF4-45BA-B54E-65B29A18A66D}"
EndProject
Project("{FAE04EC0-301F-11D3-BF4B-00C04F79EFBC}") = "HireLens.Modules.Evidence", "src\Modules\HireLens.Modules.Evidence\HireLens.Modules.Evidence.csproj", "{4A2AADBC-71A8-4224-BF16-BDC67097C1E6}"
EndProject
Project("{FAE04EC0-301F-11D3-BF4B-00C04F79EFBC}") = "HireLens.Modules.Matching", "src\Modules\HireLens.Modules.Matching\HireLens.Modules.Matching.csproj", "{CD3B10DC-23BD-4710-B828-D2172EBD8314}"
EndProject
Project("{FAE04EC0-301F-11D3-BF4B-00C04F79EFBC}") = "HireLens.Modules.Review", "src\Modules\HireLens.Modules.Review\HireLens.Modules.Review.csproj", "{873C1B33-8BDE-47DD-A015-FA57396C2208}"
EndProject
Project("{FAE04EC0-301F-11D3-BF4B-00C04F79EFBC}") = "HireLens.Modules.Compliance", "src\Modules\HireLens.Modules.Compliance\HireLens.Modules.Compliance.csproj", "{6D6B0109-7F00-44B8-9B6B-70BA0D7FCA5D}"
EndProject
Project("{FAE04EC0-301F-11D3-BF4B-00C04F79EFBC}") = "HireLens.Modules.Taxonomy", "src\Modules\HireLens.Modules.Taxonomy\HireLens.Modules.Taxonomy.csproj", "{4630682C-E007-452E-8D48-C90F2F325F00}"
EndProject
Project("{FAE04EC0-301F-11D3-BF4B-00C04F79EFBC}") = "HireLens.Modules.Privacy", "src\Modules\HireLens.Modules.Privacy\HireLens.Modules.Privacy.csproj", "{78EB3458-F308-422D-8006-9A650E144464}"
EndProject
Project("{FAE04EC0-301F-11D3-BF4B-00C04F79EFBC}") = "HireLens.Modules.Interview", "src\Modules\HireLens.Modules.Interview\HireLens.Modules.Interview.csproj", "{E18C3674-0FBE-40D6-826D-098077F4AE46}"
EndProject
Project("{FAE04EC0-301F-11D3-BF4B-00C04F79EFBC}") = "HireLens.Modules.Notification", "src\Modules\HireLens.Modules.Notification\HireLens.Modules.Notification.csproj", "{4C5ADDE0-56E1-4A27-A26C-0D4A6D253E75}"
EndProject
Project("{FAE04EC0-301F-11D3-BF4B-00C04F79EFBC}") = "HireLens.Modules.Configuration", "src\Modules\HireLens.Modules.Configuration\HireLens.Modules.Configuration.csproj", "{3A4342C0-5A7E-4A8F-8D53-61802ABCB9CC}"
EndProject
Project("{FAE04EC0-301F-11D3-BF4B-00C04F79EFBC}") = "HireLens.Modules.Metering", "src\Modules\HireLens.Modules.Metering\HireLens.Modules.Metering.csproj", "{E70DAE95-2ABA-4A42-B221-E952C0C252CF}"
EndProject
Project("{FAE04EC0-301F-11D3-BF4B-00C04F79EFBC}") = "HireLens.Modules.Integration", "src\Modules\HireLens.Modules.Integration\HireLens.Modules.Integration.csproj", "{C1F4CDF0-A0E9-495C-AE00-D6759FB48A03}"
EndProject
Project("{FAE04EC0-301F-11D3-BF4B-00C04F79EFBC}") = "HireLens.Modules.Analytics", "src\Modules\HireLens.Modules.Analytics\HireLens.Modules.Analytics.csproj", "{366AD6BC-A296-4B3A-8FDE-EC26DD0DC16D}"
EndProject
Global
	GlobalSection(SolutionConfigurationPlatforms) = preSolution
		Debug|Any CPU = Debug|Any CPU
		Debug|x64 = Debug|x64
		Debug|x86 = Debug|x86
		Release|Any CPU = Release|Any CPU
		Release|x64 = Release|x64
		Release|x86 = Release|x86
	EndGlobalSection
	GlobalSection(ProjectConfigurationPlatforms) = postSolution
		{B1111111-1111-1111-1111-111111111111}.Debug|Any CPU.ActiveCfg = Debug|Any CPU
		{B1111111-1111-1111-1111-111111111111}.Debug|Any CPU.Build.0 = Debug|Any CPU
		{B1111111-1111-1111-1111-111111111111}.Debug|x64.ActiveCfg = Debug|Any CPU
		{B1111111-1111-1111-1111-111111111111}.Debug|x64.Build.0 = Debug|Any CPU
		{B1111111-1111-1111-1111-111111111111}.Debug|x86.ActiveCfg = Debug|Any CPU
		{B1111111-1111-1111-1111-111111111111}.Debug|x86.Build.0 = Debug|Any CPU
		{B1111111-1111-1111-1111-111111111111}.Release|Any CPU.ActiveCfg = Release|Any CPU
		{B1111111-1111-1111-1111-111111111111}.Release|Any CPU.Build.0 = Release|Any CPU
		{B1111111-1111-1111-1111-111111111111}.Release|x64.ActiveCfg = Release|Any CPU
		{B1111111-1111-1111-1111-111111111111}.Release|x64.Build.0 = Release|Any CPU
		{B1111111-1111-1111-1111-111111111111}.Release|x86.ActiveCfg = Release|Any CPU
		{B1111111-1111-1111-1111-111111111111}.Release|x86.Build.0 = Release|Any CPU
		{B1111111-1111-1111-1111-111111111112}.Debug|Any CPU.ActiveCfg = Debug|Any CPU
		{B1111111-1111-1111-1111-111111111112}.Debug|Any CPU.Build.0 = Debug|Any CPU
		{B1111111-1111-1111-1111-111111111112}.Debug|x64.ActiveCfg = Debug|Any CPU
		{B1111111-1111-1111-1111-111111111112}.Debug|x64.Build.0 = Debug|Any CPU
		{B1111111-1111-1111-1111-111111111112}.Debug|x86.ActiveCfg = Debug|Any CPU
		{B1111111-1111-1111-1111-111111111112}.Debug|x86.Build.0 = Debug|Any CPU
		{B1111111-1111-1111-1111-111111111112}.Release|Any CPU.ActiveCfg = Release|Any CPU
		{B1111111-1111-1111-1111-111111111112}.Release|Any CPU.Build.0 = Release|Any CPU
		{B1111111-1111-1111-1111-111111111112}.Release|x64.ActiveCfg = Release|Any CPU
		{B1111111-1111-1111-1111-111111111112}.Release|x64.Build.0 = Release|Any CPU
		{B1111111-1111-1111-1111-111111111112}.Release|x86.ActiveCfg = Release|Any CPU
		{B1111111-1111-1111-1111-111111111112}.Release|x86.Build.0 = Release|Any CPU
		{B1111111-1111-1111-1111-111111111113}.Debug|Any CPU.ActiveCfg = Debug|Any CPU
		{B1111111-1111-1111-1111-111111111113}.Debug|Any CPU.Build.0 = Debug|Any CPU
		{B1111111-1111-1111-1111-111111111113}.Debug|x64.ActiveCfg = Debug|Any CPU
		{B1111111-1111-1111-1111-111111111113}.Debug|x64.Build.0 = Debug|Any CPU
		{B1111111-1111-1111-1111-111111111113}.Debug|x86.ActiveCfg = Debug|Any CPU
		{B1111111-1111-1111-1111-111111111113}.Debug|x86.Build.0 = Debug|Any CPU
		{B1111111-1111-1111-1111-111111111113}.Release|Any CPU.ActiveCfg = Release|Any CPU
		{B1111111-1111-1111-1111-111111111113}.Release|Any CPU.Build.0 = Release|Any CPU
		{B1111111-1111-1111-1111-111111111113}.Release|x64.ActiveCfg = Release|Any CPU
		{B1111111-1111-1111-1111-111111111113}.Release|x64.Build.0 = Release|Any CPU
		{B1111111-1111-1111-1111-111111111113}.Release|x86.ActiveCfg = Release|Any CPU
		{B1111111-1111-1111-1111-111111111113}.Release|x86.Build.0 = Release|Any CPU
		{B1111111-1111-1111-1111-111111111114}.Debug|Any CPU.ActiveCfg = Debug|Any CPU
		{B1111111-1111-1111-1111-111111111114}.Debug|Any CPU.Build.0 = Debug|Any CPU
		{B1111111-1111-1111-1111-111111111114}.Debug|x64.ActiveCfg = Debug|Any CPU
		{B1111111-1111-1111-1111-111111111114}.Debug|x64.Build.0 = Debug|Any CPU
		{B1111111-1111-1111-1111-111111111114}.Debug|x86.ActiveCfg = Debug|Any CPU
		{B1111111-1111-1111-1111-111111111114}.Debug|x86.Build.0 = Debug|Any CPU
		{B1111111-1111-1111-1111-111111111114}.Release|Any CPU.ActiveCfg = Release|Any CPU
		{B1111111-1111-1111-1111-111111111114}.Release|Any CPU.Build.0 = Release|Any CPU
		{B1111111-1111-1111-1111-111111111114}.Release|x64.ActiveCfg = Release|Any CPU
		{B1111111-1111-1111-1111-111111111114}.Release|x64.Build.0 = Release|Any CPU
		{B1111111-1111-1111-1111-111111111114}.Release|x86.ActiveCfg = Release|Any CPU
		{B1111111-1111-1111-1111-111111111114}.Release|x86.Build.0 = Release|Any CPU
		{B1111111-1111-1111-1111-111111111115}.Debug|Any CPU.ActiveCfg = Debug|Any CPU
		{B1111111-1111-1111-1111-111111111115}.Debug|Any CPU.Build.0 = Debug|Any CPU
		{B1111111-1111-1111-1111-111111111115}.Debug|x64.ActiveCfg = Debug|Any CPU
		{B1111111-1111-1111-1111-111111111115}.Debug|x64.Build.0 = Debug|Any CPU
		{B1111111-1111-1111-1111-111111111115}.Debug|x86.ActiveCfg = Debug|Any CPU
		{B1111111-1111-1111-1111-111111111115}.Debug|x86.Build.0 = Debug|Any CPU
		{B1111111-1111-1111-1111-111111111115}.Release|Any CPU.ActiveCfg = Release|Any CPU
		{B1111111-1111-1111-1111-111111111115}.Release|Any CPU.Build.0 = Release|Any CPU
		{B1111111-1111-1111-1111-111111111115}.Release|x64.ActiveCfg = Release|Any CPU
		{B1111111-1111-1111-1111-111111111115}.Release|x64.Build.0 = Release|Any CPU
		{B1111111-1111-1111-1111-111111111115}.Release|x86.ActiveCfg = Release|Any CPU
		{B1111111-1111-1111-1111-111111111115}.Release|x86.Build.0 = Release|Any CPU
		{B1111111-1111-1111-1111-111111111116}.Debug|Any CPU.ActiveCfg = Debug|Any CPU
		{B1111111-1111-1111-1111-111111111116}.Debug|Any CPU.Build.0 = Debug|Any CPU
		{B1111111-1111-1111-1111-111111111116}.Debug|x64.ActiveCfg = Debug|Any CPU
		{B1111111-1111-1111-1111-111111111116}.Debug|x64.Build.0 = Debug|Any CPU
		{B1111111-1111-1111-1111-111111111116}.Debug|x86.ActiveCfg = Debug|Any CPU
		{B1111111-1111-1111-1111-111111111116}.Debug|x86.Build.0 = Debug|Any CPU
		{B1111111-1111-1111-1111-111111111116}.Release|Any CPU.ActiveCfg = Release|Any CPU
		{B1111111-1111-1111-1111-111111111116}.Release|Any CPU.Build.0 = Release|Any CPU
		{B1111111-1111-1111-1111-111111111116}.Release|x64.ActiveCfg = Release|Any CPU
		{B1111111-1111-1111-1111-111111111116}.Release|x64.Build.0 = Release|Any CPU
		{B1111111-1111-1111-1111-111111111116}.Release|x86.ActiveCfg = Release|Any CPU
		{B1111111-1111-1111-1111-111111111116}.Release|x86.Build.0 = Release|Any CPU
		{B1111111-1111-1111-1111-111111111117}.Debug|Any CPU.ActiveCfg = Debug|Any CPU
		{B1111111-1111-1111-1111-111111111117}.Debug|Any CPU.Build.0 = Debug|Any CPU
		{B1111111-1111-1111-1111-111111111117}.Debug|x64.ActiveCfg = Debug|Any CPU
		{B1111111-1111-1111-1111-111111111117}.Debug|x64.Build.0 = Debug|Any CPU
		{B1111111-1111-1111-1111-111111111117}.Debug|x86.ActiveCfg = Debug|Any CPU
		{B1111111-1111-1111-1111-111111111117}.Debug|x86.Build.0 = Debug|Any CPU
		{B1111111-1111-1111-1111-111111111117}.Release|Any CPU.ActiveCfg = Release|Any CPU
		{B1111111-1111-1111-1111-111111111117}.Release|Any CPU.Build.0 = Release|Any CPU
		{B1111111-1111-1111-1111-111111111117}.Release|x64.ActiveCfg = Release|Any CPU
		{B1111111-1111-1111-1111-111111111117}.Release|x64.Build.0 = Release|Any CPU
		{B1111111-1111-1111-1111-111111111117}.Release|x86.ActiveCfg = Release|Any CPU
		{B1111111-1111-1111-1111-111111111117}.Release|x86.Build.0 = Release|Any CPU
		{B1111111-1111-1111-1111-111111111118}.Debug|Any CPU.ActiveCfg = Debug|Any CPU
		{B1111111-1111-1111-1111-111111111118}.Debug|Any CPU.Build.0 = Debug|Any CPU
		{B1111111-1111-1111-1111-111111111118}.Debug|x64.ActiveCfg = Debug|Any CPU
		{B1111111-1111-1111-1111-111111111118}.Debug|x64.Build.0 = Debug|Any CPU
		{B1111111-1111-1111-1111-111111111118}.Debug|x86.ActiveCfg = Debug|Any CPU
		{B1111111-1111-1111-1111-111111111118}.Debug|x86.Build.0 = Debug|Any CPU
		{B1111111-1111-1111-1111-111111111118}.Release|Any CPU.ActiveCfg = Release|Any CPU
		{B1111111-1111-1111-1111-111111111118}.Release|Any CPU.Build.0 = Release|Any CPU
		{B1111111-1111-1111-1111-111111111118}.Release|x64.ActiveCfg = Release|Any CPU
		{B1111111-1111-1111-1111-111111111118}.Release|x64.Build.0 = Release|Any CPU
		{B1111111-1111-1111-1111-111111111118}.Release|x86.ActiveCfg = Release|Any CPU
		{B1111111-1111-1111-1111-111111111118}.Release|x86.Build.0 = Release|Any CPU
		{B1111111-1111-1111-1111-111111111119}.Debug|Any CPU.ActiveCfg = Debug|Any CPU
		{B1111111-1111-1111-1111-111111111119}.Debug|Any CPU.Build.0 = Debug|Any CPU
		{B1111111-1111-1111-1111-111111111119}.Debug|x64.ActiveCfg = Debug|Any CPU
		{B1111111-1111-1111-1111-111111111119}.Debug|x64.Build.0 = Debug|Any CPU
		{B1111111-1111-1111-1111-111111111119}.Debug|x86.ActiveCfg = Debug|Any CPU
		{B1111111-1111-1111-1111-111111111119}.Debug|x86.Build.0 = Debug|Any CPU
		{B1111111-1111-1111-1111-111111111119}.Release|Any CPU.ActiveCfg = Release|Any CPU
		{B1111111-1111-1111-1111-111111111119}.Release|Any CPU.Build.0 = Release|Any CPU
		{B1111111-1111-1111-1111-111111111119}.Release|x64.ActiveCfg = Release|Any CPU
		{B1111111-1111-1111-1111-111111111119}.Release|x64.Build.0 = Release|Any CPU
		{B1111111-1111-1111-1111-111111111119}.Release|x86.ActiveCfg = Release|Any CPU
		{B1111111-1111-1111-1111-111111111119}.Release|x86.Build.0 = Release|Any CPU
		{B1111111-1111-1111-1111-11111111111A}.Debug|Any CPU.ActiveCfg = Debug|Any CPU
		{B1111111-1111-1111-1111-11111111111A}.Debug|Any CPU.Build.0 = Debug|Any CPU
		{B1111111-1111-1111-1111-11111111111A}.Debug|x64.ActiveCfg = Debug|Any CPU
		{B1111111-1111-1111-1111-11111111111A}.Debug|x64.Build.0 = Debug|Any CPU
		{B1111111-1111-1111-1111-11111111111A}.Debug|x86.ActiveCfg = Debug|Any CPU
		{B1111111-1111-1111-1111-11111111111A}.Debug|x86.Build.0 = Debug|Any CPU
		{B1111111-1111-1111-1111-11111111111A}.Release|Any CPU.ActiveCfg = Release|Any CPU
		{B1111111-1111-1111-1111-11111111111A}.Release|Any CPU.Build.0 = Release|Any CPU
		{B1111111-1111-1111-1111-11111111111A}.Release|x64.ActiveCfg = Release|Any CPU
		{B1111111-1111-1111-1111-11111111111A}.Release|x64.Build.0 = Release|Any CPU
		{B1111111-1111-1111-1111-11111111111A}.Release|x86.ActiveCfg = Release|Any CPU
		{B1111111-1111-1111-1111-11111111111A}.Release|x86.Build.0 = Release|Any CPU
		{B1111111-1111-1111-1111-11111111111B}.Debug|Any CPU.ActiveCfg = Debug|Any CPU
		{B1111111-1111-1111-1111-11111111111B}.Debug|Any CPU.Build.0 = Debug|Any CPU
		{B1111111-1111-1111-1111-11111111111B}.Debug|x64.ActiveCfg = Debug|Any CPU
		{B1111111-1111-1111-1111-11111111111B}.Debug|x64.Build.0 = Debug|Any CPU
		{B1111111-1111-1111-1111-11111111111B}.Debug|x86.ActiveCfg = Debug|Any CPU
		{B1111111-1111-1111-1111-11111111111B}.Debug|x86.Build.0 = Debug|Any CPU
		{B1111111-1111-1111-1111-11111111111B}.Release|Any CPU.ActiveCfg = Release|Any CPU
		{B1111111-1111-1111-1111-11111111111B}.Release|Any CPU.Build.0 = Release|Any CPU
		{B1111111-1111-1111-1111-11111111111B}.Release|x64.ActiveCfg = Release|Any CPU
		{B1111111-1111-1111-1111-11111111111B}.Release|x64.Build.0 = Release|Any CPU
		{B1111111-1111-1111-1111-11111111111B}.Release|x86.ActiveCfg = Release|Any CPU
		{B1111111-1111-1111-1111-11111111111B}.Release|x86.Build.0 = Release|Any CPU
		{AD6F44C0-B35C-475B-AFF1-9C93915BCF1A}.Debug|Any CPU.ActiveCfg = Debug|Any CPU
		{AD6F44C0-B35C-475B-AFF1-9C93915BCF1A}.Debug|Any CPU.Build.0 = Debug|Any CPU
		{AD6F44C0-B35C-475B-AFF1-9C93915BCF1A}.Debug|x64.ActiveCfg = Debug|Any CPU
		{AD6F44C0-B35C-475B-AFF1-9C93915BCF1A}.Debug|x64.Build.0 = Debug|Any CPU
		{AD6F44C0-B35C-475B-AFF1-9C93915BCF1A}.Debug|x86.ActiveCfg = Debug|Any CPU
		{AD6F44C0-B35C-475B-AFF1-9C93915BCF1A}.Debug|x86.Build.0 = Debug|Any CPU
		{AD6F44C0-B35C-475B-AFF1-9C93915BCF1A}.Release|Any CPU.ActiveCfg = Release|Any CPU
		{AD6F44C0-B35C-475B-AFF1-9C93915BCF1A}.Release|Any CPU.Build.0 = Release|Any CPU
		{AD6F44C0-B35C-475B-AFF1-9C93915BCF1A}.Release|x64.ActiveCfg = Release|Any CPU
		{AD6F44C0-B35C-475B-AFF1-9C93915BCF1A}.Release|x64.Build.0 = Release|Any CPU
		{AD6F44C0-B35C-475B-AFF1-9C93915BCF1A}.Release|x86.ActiveCfg = Release|Any CPU
		{AD6F44C0-B35C-475B-AFF1-9C93915BCF1A}.Release|x86.Build.0 = Release|Any CPU
		{7E79330D-DBCE-4680-A1F7-309A5C498F4A}.Debug|Any CPU.ActiveCfg = Debug|Any CPU
		{7E79330D-DBCE-4680-A1F7-309A5C498F4A}.Debug|Any CPU.Build.0 = Debug|Any CPU
		{7E79330D-DBCE-4680-A1F7-309A5C498F4A}.Debug|x64.ActiveCfg = Debug|Any CPU
		{7E79330D-DBCE-4680-A1F7-309A5C498F4A}.Debug|x64.Build.0 = Debug|Any CPU
		{7E79330D-DBCE-4680-A1F7-309A5C498F4A}.Debug|x86.ActiveCfg = Debug|Any CPU
		{7E79330D-DBCE-4680-A1F7-309A5C498F4A}.Debug|x86.Build.0 = Debug|Any CPU
		{7E79330D-DBCE-4680-A1F7-309A5C498F4A}.Release|Any CPU.ActiveCfg = Release|Any CPU
		{7E79330D-DBCE-4680-A1F7-309A5C498F4A}.Release|Any CPU.Build.0 = Release|Any CPU
		{7E79330D-DBCE-4680-A1F7-309A5C498F4A}.Release|x64.ActiveCfg = Release|Any CPU
		{7E79330D-DBCE-4680-A1F7-309A5C498F4A}.Release|x64.Build.0 = Release|Any CPU
		{7E79330D-DBCE-4680-A1F7-309A5C498F4A}.Release|x86.ActiveCfg = Release|Any CPU
		{7E79330D-DBCE-4680-A1F7-309A5C498F4A}.Release|x86.Build.0 = Release|Any CPU
		{AC9538F1-DEF4-45BA-B54E-65B29A18A66D}.Debug|Any CPU.ActiveCfg = Debug|Any CPU
		{AC9538F1-DEF4-45BA-B54E-65B29A18A66D}.Debug|Any CPU.Build.0 = Debug|Any CPU
		{AC9538F1-DEF4-45BA-B54E-65B29A18A66D}.Debug|x64.ActiveCfg = Debug|Any CPU
		{AC9538F1-DEF4-45BA-B54E-65B29A18A66D}.Debug|x64.Build.0 = Debug|Any CPU
		{AC9538F1-DEF4-45BA-B54E-65B29A18A66D}.Debug|x86.ActiveCfg = Debug|Any CPU
		{AC9538F1-DEF4-45BA-B54E-65B29A18A66D}.Debug|x86.Build.0 = Debug|Any CPU
		{AC9538F1-DEF4-45BA-B54E-65B29A18A66D}.Release|Any CPU.ActiveCfg = Release|Any CPU
		{AC9538F1-DEF4-45BA-B54E-65B29A18A66D}.Release|Any CPU.Build.0 = Release|Any CPU
		{AC9538F1-DEF4-45BA-B54E-65B29A18A66D}.Release|x64.ActiveCfg = Release|Any CPU
		{AC9538F1-DEF4-45BA-B54E-65B29A18A66D}.Release|x64.Build.0 = Release|Any CPU
		{AC9538F1-DEF4-45BA-B54E-65B29A18A66D}.Release|x86.ActiveCfg = Release|Any CPU
		{AC9538F1-DEF4-45BA-B54E-65B29A18A66D}.Release|x86.Build.0 = Release|Any CPU
		{4A2AADBC-71A8-4224-BF16-BDC67097C1E6}.Debug|Any CPU.ActiveCfg = Debug|Any CPU
		{4A2AADBC-71A8-4224-BF16-BDC67097C1E6}.Debug|Any CPU.Build.0 = Debug|Any CPU
		{4A2AADBC-71A8-4224-BF16-BDC67097C1E6}.Debug|x64.ActiveCfg = Debug|Any CPU
		{4A2AADBC-71A8-4224-BF16-BDC67097C1E6}.Debug|x64.Build.0 = Debug|Any CPU
		{4A2AADBC-71A8-4224-BF16-BDC67097C1E6}.Debug|x86.ActiveCfg = Debug|Any CPU
		{4A2AADBC-71A8-4224-BF16-BDC67097C1E6}.Debug|x86.Build.0 = Debug|Any CPU
		{4A2AADBC-71A8-4224-BF16-BDC67097C1E6}.Release|Any CPU.ActiveCfg = Release|Any CPU
		{4A2AADBC-71A8-4224-BF16-BDC67097C1E6}.Release|Any CPU.Build.0 = Release|Any CPU
		{4A2AADBC-71A8-4224-BF16-BDC67097C1E6}.Release|x64.ActiveCfg = Release|Any CPU
		{4A2AADBC-71A8-4224-BF16-BDC67097C1E6}.Release|x64.Build.0 = Release|Any CPU
		{4A2AADBC-71A8-4224-BF16-BDC67097C1E6}.Release|x86.ActiveCfg = Release|Any CPU
		{4A2AADBC-71A8-4224-BF16-BDC67097C1E6}.Release|x86.Build.0 = Release|Any CPU
		{CD3B10DC-23BD-4710-B828-D2172EBD8314}.Debug|Any CPU.ActiveCfg = Debug|Any CPU
		{CD3B10DC-23BD-4710-B828-D2172EBD8314}.Debug|Any CPU.Build.0 = Debug|Any CPU
		{CD3B10DC-23BD-4710-B828-D2172EBD8314}.Debug|x64.ActiveCfg = Debug|Any CPU
		{CD3B10DC-23BD-4710-B828-D2172EBD8314}.Debug|x64.Build.0 = Debug|Any CPU
		{CD3B10DC-23BD-4710-B828-D2172EBD8314}.Debug|x86.ActiveCfg = Debug|Any CPU
		{CD3B10DC-23BD-4710-B828-D2172EBD8314}.Debug|x86.Build.0 = Debug|Any CPU
		{CD3B10DC-23BD-4710-B828-D2172EBD8314}.Release|Any CPU.ActiveCfg = Release|Any CPU
		{CD3B10DC-23BD-4710-B828-D2172EBD8314}.Release|Any CPU.Build.0 = Release|Any CPU
		{CD3B10DC-23BD-4710-B828-D2172EBD8314}.Release|x64.ActiveCfg = Release|Any CPU
		{CD3B10DC-23BD-4710-B828-D2172EBD8314}.Release|x64.Build.0 = Release|Any CPU
		{CD3B10DC-23BD-4710-B828-D2172EBD8314}.Release|x86.ActiveCfg = Release|Any CPU
		{CD3B10DC-23BD-4710-B828-D2172EBD8314}.Release|x86.Build.0 = Release|Any CPU
		{873C1B33-8BDE-47DD-A015-FA57396C2208}.Debug|Any CPU.ActiveCfg = Debug|Any CPU
		{873C1B33-8BDE-47DD-A015-FA57396C2208}.Debug|Any CPU.Build.0 = Debug|Any CPU
		{873C1B33-8BDE-47DD-A015-FA57396C2208}.Debug|x64.ActiveCfg = Debug|Any CPU
		{873C1B33-8BDE-47DD-A015-FA57396C2208}.Debug|x64.Build.0 = Debug|Any CPU
		{873C1B33-8BDE-47DD-A015-FA57396C2208}.Debug|x86.ActiveCfg = Debug|Any CPU
		{873C1B33-8BDE-47DD-A015-FA57396C2208}.Debug|x86.Build.0 = Debug|Any CPU
		{873C1B33-8BDE-47DD-A015-FA57396C2208}.Release|Any CPU.ActiveCfg = Release|Any CPU
		{873C1B33-8BDE-47DD-A015-FA57396C2208}.Release|Any CPU.Build.0 = Release|Any CPU
		{873C1B33-8BDE-47DD-A015-FA57396C2208}.Release|x64.ActiveCfg = Release|Any CPU
		{873C1B33-8BDE-47DD-A015-FA57396C2208}.Release|x64.Build.0 = Release|Any CPU
		{873C1B33-8BDE-47DD-A015-FA57396C2208}.Release|x86.ActiveCfg = Release|Any CPU
		{873C1B33-8BDE-47DD-A015-FA57396C2208}.Release|x86.Build.0 = Release|Any CPU
		{6D6B0109-7F00-44B8-9B6B-70BA0D7FCA5D}.Debug|Any CPU.ActiveCfg = Debug|Any CPU
		{6D6B0109-7F00-44B8-9B6B-70BA0D7FCA5D}.Debug|Any CPU.Build.0 = Debug|Any CPU
		{6D6B0109-7F00-44B8-9B6B-70BA0D7FCA5D}.Debug|x64.ActiveCfg = Debug|Any CPU
		{6D6B0109-7F00-44B8-9B6B-70BA0D7FCA5D}.Debug|x64.Build.0 = Debug|Any CPU
		{6D6B0109-7F00-44B8-9B6B-70BA0D7FCA5D}.Debug|x86.ActiveCfg = Debug|Any CPU
		{6D6B0109-7F00-44B8-9B6B-70BA0D7FCA5D}.Debug|x86.Build.0 = Debug|Any CPU
		{6D6B0109-7F00-44B8-9B6B-70BA0D7FCA5D}.Release|Any CPU.ActiveCfg = Release|Any CPU
		{6D6B0109-7F00-44B8-9B6B-70BA0D7FCA5D}.Release|Any CPU.Build.0 = Release|Any CPU
		{6D6B0109-7F00-44B8-9B6B-70BA0D7FCA5D}.Release|x64.ActiveCfg = Release|Any CPU
		{6D6B0109-7F00-44B8-9B6B-70BA0D7FCA5D}.Release|x64.Build.0 = Release|Any CPU
		{6D6B0109-7F00-44B8-9B6B-70BA0D7FCA5D}.Release|x86.ActiveCfg = Release|Any CPU
		{6D6B0109-7F00-44B8-9B6B-70BA0D7FCA5D}.Release|x86.Build.0 = Release|Any CPU
		{4630682C-E007-452E-8D48-C90F2F325F00}.Debug|Any CPU.ActiveCfg = Debug|Any CPU
		{4630682C-E007-452E-8D48-C90F2F325F00}.Debug|Any CPU.Build.0 = Debug|Any CPU
		{4630682C-E007-452E-8D48-C90F2F325F00}.Debug|x64.ActiveCfg = Debug|Any CPU
		{4630682C-E007-452E-8D48-C90F2F325F00}.Debug|x64.Build.0 = Debug|Any CPU
		{4630682C-E007-452E-8D48-C90F2F325F00}.Debug|x86.ActiveCfg = Debug|Any CPU
		{4630682C-E007-452E-8D48-C90F2F325F00}.Debug|x86.Build.0 = Debug|Any CPU
		{4630682C-E007-452E-8D48-C90F2F325F00}.Release|Any CPU.ActiveCfg = Release|Any CPU
		{4630682C-E007-452E-8D48-C90F2F325F00}.Release|Any CPU.Build.0 = Release|Any CPU
		{4630682C-E007-452E-8D48-C90F2F325F00}.Release|x64.ActiveCfg = Release|Any CPU
		{4630682C-E007-452E-8D48-C90F2F325F00}.Release|x64.Build.0 = Release|Any CPU
		{4630682C-E007-452E-8D48-C90F2F325F00}.Release|x86.ActiveCfg = Release|Any CPU
		{4630682C-E007-452E-8D48-C90F2F325F00}.Release|x86.Build.0 = Release|Any CPU
		{78EB3458-F308-422D-8006-9A650E144464}.Debug|Any CPU.ActiveCfg = Debug|Any CPU
		{78EB3458-F308-422D-8006-9A650E144464}.Debug|Any CPU.Build.0 = Debug|Any CPU
		{78EB3458-F308-422D-8006-9A650E144464}.Debug|x64.ActiveCfg = Debug|Any CPU
		{78EB3458-F308-422D-8006-9A650E144464}.Debug|x64.Build.0 = Debug|Any CPU
		{78EB3458-F308-422D-8006-9A650E144464}.Debug|x86.ActiveCfg = Debug|Any CPU
		{78EB3458-F308-422D-8006-9A650E144464}.Debug|x86.Build.0 = Debug|Any CPU
		{78EB3458-F308-422D-8006-9A650E144464}.Release|Any CPU.ActiveCfg = Release|Any CPU
		{78EB3458-F308-422D-8006-9A650E144464}.Release|Any CPU.Build.0 = Release|Any CPU
		{78EB3458-F308-422D-8006-9A650E144464}.Release|x64.ActiveCfg = Release|Any CPU
		{78EB3458-F308-422D-8006-9A650E144464}.Release|x64.Build.0 = Release|Any CPU
		{78EB3458-F308-422D-8006-9A650E144464}.Release|x86.ActiveCfg = Release|Any CPU
		{78EB3458-F308-422D-8006-9A650E144464}.Release|x86.Build.0 = Release|Any CPU
		{E18C3674-0FBE-40D6-826D-098077F4AE46}.Debug|Any CPU.ActiveCfg = Debug|Any CPU
		{E18C3674-0FBE-40D6-826D-098077F4AE46}.Debug|Any CPU.Build.0 = Debug|Any CPU
		{E18C3674-0FBE-40D6-826D-098077F4AE46}.Debug|x64.ActiveCfg = Debug|Any CPU
		{E18C3674-0FBE-40D6-826D-098077F4AE46}.Debug|x64.Build.0 = Debug|Any CPU
		{E18C3674-0FBE-40D6-826D-098077F4AE46}.Debug|x86.ActiveCfg = Debug|Any CPU
		{E18C3674-0FBE-40D6-826D-098077F4AE46}.Debug|x86.Build.0 = Debug|Any CPU
		{E18C3674-0FBE-40D6-826D-098077F4AE46}.Release|Any CPU.ActiveCfg = Release|Any CPU
		{E18C3674-0FBE-40D6-826D-098077F4AE46}.Release|Any CPU.Build.0 = Release|Any CPU
		{E18C3674-0FBE-40D6-826D-098077F4AE46}.Release|x64.ActiveCfg = Release|Any CPU
		{E18C3674-0FBE-40D6-826D-098077F4AE46}.Release|x64.Build.0 = Release|Any CPU
		{E18C3674-0FBE-40D6-826D-098077F4AE46}.Release|x86.ActiveCfg = Release|Any CPU
		{E18C3674-0FBE-40D6-826D-098077F4AE46}.Release|x86.Build.0 = Release|Any CPU
		{4C5ADDE0-56E1-4A27-A26C-0D4A6D253E75}.Debug|Any CPU.ActiveCfg = Debug|Any CPU
		{4C5ADDE0-56E1-4A27-A26C-0D4A6D253E75}.Debug|Any CPU.Build.0 = Debug|Any CPU
		{4C5ADDE0-56E1-4A27-A26C-0D4A6D253E75}.Debug|x64.ActiveCfg = Debug|Any CPU
		{4C5ADDE0-56E1-4A27-A26C-0D4A6D253E75}.Debug|x64.Build.0 = Debug|Any CPU
		{4C5ADDE0-56E1-4A27-A26C-0D4A6D253E75}.Debug|x86.ActiveCfg = Debug|Any CPU
		{4C5ADDE0-56E1-4A27-A26C-0D4A6D253E75}.Debug|x86.Build.0 = Debug|Any CPU
		{4C5ADDE0-56E1-4A27-A26C-0D4A6D253E75}.Release|Any CPU.ActiveCfg = Release|Any CPU
		{4C5ADDE0-56E1-4A27-A26C-0D4A6D253E75}.Release|Any CPU.Build.0 = Release|Any CPU
		{4C5ADDE0-56E1-4A27-A26C-0D4A6D253E75}.Release|x64.ActiveCfg = Release|Any CPU
		{4C5ADDE0-56E1-4A27-A26C-0D4A6D253E75}.Release|x64.Build.0 = Release|Any CPU
		{4C5ADDE0-56E1-4A27-A26C-0D4A6D253E75}.Release|x86.ActiveCfg = Release|Any CPU
		{4C5ADDE0-56E1-4A27-A26C-0D4A6D253E75}.Release|x86.Build.0 = Release|Any CPU
		{3A4342C0-5A7E-4A8F-8D53-61802ABCB9CC}.Debug|Any CPU.ActiveCfg = Debug|Any CPU
		{3A4342C0-5A7E-4A8F-8D53-61802ABCB9CC}.Debug|Any CPU.Build.0 = Debug|Any CPU
		{3A4342C0-5A7E-4A8F-8D53-61802ABCB9CC}.Debug|x64.ActiveCfg = Debug|Any CPU
		{3A4342C0-5A7E-4A8F-8D53-61802ABCB9CC}.Debug|x64.Build.0 = Debug|Any CPU
		{3A4342C0-5A7E-4A8F-8D53-61802ABCB9CC}.Debug|x86.ActiveCfg = Debug|Any CPU
		{3A4342C0-5A7E-4A8F-8D53-61802ABCB9CC}.Debug|x86.Build.0 = Debug|Any CPU
		{3A4342C0-5A7E-4A8F-8D53-61802ABCB9CC}.Release|Any CPU.ActiveCfg = Release|Any CPU
		{3A4342C0-5A7E-4A8F-8D53-61802ABCB9CC}.Release|Any CPU.Build.0 = Release|Any CPU
		{3A4342C0-5A7E-4A8F-8D53-61802ABCB9CC}.Release|x64.ActiveCfg = Release|Any CPU
		{3A4342C0-5A7E-4A8F-8D53-61802ABCB9CC}.Release|x64.Build.0 = Release|Any CPU
		{3A4342C0-5A7E-4A8F-8D53-61802ABCB9CC}.Release|x86.ActiveCfg = Release|Any CPU
		{3A4342C0-5A7E-4A8F-8D53-61802ABCB9CC}.Release|x86.Build.0 = Release|Any CPU
		{E70DAE95-2ABA-4A42-B221-E952C0C252CF}.Debug|Any CPU.ActiveCfg = Debug|Any CPU
		{E70DAE95-2ABA-4A42-B221-E952C0C252CF}.Debug|Any CPU.Build.0 = Debug|Any CPU
		{E70DAE95-2ABA-4A42-B221-E952C0C252CF}.Debug|x64.ActiveCfg = Debug|Any CPU
		{E70DAE95-2ABA-4A42-B221-E952C0C252CF}.Debug|x64.Build.0 = Debug|Any CPU
		{E70DAE95-2ABA-4A42-B221-E952C0C252CF}.Debug|x86.ActiveCfg = Debug|Any CPU
		{E70DAE95-2ABA-4A42-B221-E952C0C252CF}.Debug|x86.Build.0 = Debug|Any CPU
		{E70DAE95-2ABA-4A42-B221-E952C0C252CF}.Release|Any CPU.ActiveCfg = Release|Any CPU
		{E70DAE95-2ABA-4A42-B221-E952C0C252CF}.Release|Any CPU.Build.0 = Release|Any CPU
		{E70DAE95-2ABA-4A42-B221-E952C0C252CF}.Release|x64.ActiveCfg = Release|Any CPU
		{E70DAE95-2ABA-4A42-B221-E952C0C252CF}.Release|x64.Build.0 = Release|Any CPU
		{E70DAE95-2ABA-4A42-B221-E952C0C252CF}.Release|x86.ActiveCfg = Release|Any CPU
		{E70DAE95-2ABA-4A42-B221-E952C0C252CF}.Release|x86.Build.0 = Release|Any CPU
		{C1F4CDF0-A0E9-495C-AE00-D6759FB48A03}.Debug|Any CPU.ActiveCfg = Debug|Any CPU
		{C1F4CDF0-A0E9-495C-AE00-D6759FB48A03}.Debug|Any CPU.Build.0 = Debug|Any CPU
		{C1F4CDF0-A0E9-495C-AE00-D6759FB48A03}.Debug|x64.ActiveCfg = Debug|Any CPU
		{C1F4CDF0-A0E9-495C-AE00-D6759FB48A03}.Debug|x64.Build.0 = Debug|Any CPU
		{C1F4CDF0-A0E9-495C-AE00-D6759FB48A03}.Debug|x86.ActiveCfg = Debug|Any CPU
		{C1F4CDF0-A0E9-495C-AE00-D6759FB48A03}.Debug|x86.Build.0 = Debug|Any CPU
		{C1F4CDF0-A0E9-495C-AE00-D6759FB48A03}.Release|Any CPU.ActiveCfg = Release|Any CPU
		{C1F4CDF0-A0E9-495C-AE00-D6759FB48A03}.Release|Any CPU.Build.0 = Release|Any CPU
		{C1F4CDF0-A0E9-495C-AE00-D6759FB48A03}.Release|x64.ActiveCfg = Release|Any CPU
		{C1F4CDF0-A0E9-495C-AE00-D6759FB48A03}.Release|x64.Build.0 = Release|Any CPU
		{C1F4CDF0-A0E9-495C-AE00-D6759FB48A03}.Release|x86.ActiveCfg = Release|Any CPU
		{C1F4CDF0-A0E9-495C-AE00-D6759FB48A03}.Release|x86.Build.0 = Release|Any CPU
		{366AD6BC-A296-4B3A-8FDE-EC26DD0DC16D}.Debug|Any CPU.ActiveCfg = Debug|Any CPU
		{366AD6BC-A296-4B3A-8FDE-EC26DD0DC16D}.Debug|Any CPU.Build.0 = Debug|Any CPU
		{366AD6BC-A296-4B3A-8FDE-EC26DD0DC16D}.Debug|x64.ActiveCfg = Debug|Any CPU
		{366AD6BC-A296-4B3A-8FDE-EC26DD0DC16D}.Debug|x64.Build.0 = Debug|Any CPU
		{366AD6BC-A296-4B3A-8FDE-EC26DD0DC16D}.Debug|x86.ActiveCfg = Debug|Any CPU
		{366AD6BC-A296-4B3A-8FDE-EC26DD0DC16D}.Debug|x86.Build.0 = Debug|Any CPU
		{366AD6BC-A296-4B3A-8FDE-EC26DD0DC16D}.Release|Any CPU.ActiveCfg = Release|Any CPU
		{366AD6BC-A296-4B3A-8FDE-EC26DD0DC16D}.Release|Any CPU.Build.0 = Release|Any CPU
		{366AD6BC-A296-4B3A-8FDE-EC26DD0DC16D}.Release|x64.ActiveCfg = Release|Any CPU
		{366AD6BC-A296-4B3A-8FDE-EC26DD0DC16D}.Release|x64.Build.0 = Release|Any CPU
		{366AD6BC-A296-4B3A-8FDE-EC26DD0DC16D}.Release|x86.ActiveCfg = Release|Any CPU
		{366AD6BC-A296-4B3A-8FDE-EC26DD0DC16D}.Release|x86.Build.0 = Release|Any CPU
	EndGlobalSection
	GlobalSection(SolutionProperties) = preSolution
		HideSolutionNode = FALSE
	EndGlobalSection
	GlobalSection(NestedProjects) = preSolution
		{A2222222-2222-2222-2222-222222222222} = {A1111111-1111-1111-1111-111111111111}
		{B1111111-1111-1111-1111-111111111111} = {A1111111-1111-1111-1111-111111111111}
		{B1111111-1111-1111-1111-111111111112} = {A1111111-1111-1111-1111-111111111111}
		{B1111111-1111-1111-1111-111111111113} = {A1111111-1111-1111-1111-111111111111}
		{B1111111-1111-1111-1111-111111111114} = {A1111111-1111-1111-1111-111111111111}
		{B1111111-1111-1111-1111-111111111115} = {A1111111-1111-1111-1111-111111111111}
		{B1111111-1111-1111-1111-111111111116} = {A1111111-1111-1111-1111-111111111111}
		{B1111111-1111-1111-1111-111111111117} = {A2222222-2222-2222-2222-222222222222}
		{B1111111-1111-1111-1111-111111111118} = {A2222222-2222-2222-2222-222222222222}
		{B1111111-1111-1111-1111-111111111119} = {A3333333-3333-3333-3333-333333333333}
		{B1111111-1111-1111-1111-11111111111A} = {A3333333-3333-3333-3333-333333333333}
		{B1111111-1111-1111-1111-11111111111B} = {A3333333-3333-3333-3333-333333333333}
		{AD6F44C0-B35C-475B-AFF1-9C93915BCF1A} = {A2222222-2222-2222-2222-222222222222}
		{7E79330D-DBCE-4680-A1F7-309A5C498F4A} = {A2222222-2222-2222-2222-222222222222}
		{AC9538F1-DEF4-45BA-B54E-65B29A18A66D} = {A2222222-2222-2222-2222-222222222222}
		{4A2AADBC-71A8-4224-BF16-BDC67097C1E6} = {A2222222-2222-2222-2222-222222222222}
		{CD3B10DC-23BD-4710-B828-D2172EBD8314} = {A2222222-2222-2222-2222-222222222222}
		{873C1B33-8BDE-47DD-A015-FA57396C2208} = {A2222222-2222-2222-2222-222222222222}
		{6D6B0109-7F00-44B8-9B6B-70BA0D7FCA5D} = {A2222222-2222-2222-2222-222222222222}
		{4630682C-E007-452E-8D48-C90F2F325F00} = {A2222222-2222-2222-2222-222222222222}
		{78EB3458-F308-422D-8006-9A650E144464} = {A2222222-2222-2222-2222-222222222222}
		{E18C3674-0FBE-40D6-826D-098077F4AE46} = {A2222222-2222-2222-2222-222222222222}
		{4C5ADDE0-56E1-4A27-A26C-0D4A6D253E75} = {A2222222-2222-2222-2222-222222222222}
		{3A4342C0-5A7E-4A8F-8D53-61802ABCB9CC} = {A2222222-2222-2222-2222-222222222222}
		{E70DAE95-2ABA-4A42-B221-E952C0C252CF} = {A2222222-2222-2222-2222-222222222222}
		{C1F4CDF0-A0E9-495C-AE00-D6759FB48A03} = {A2222222-2222-2222-2222-222222222222}
		{366AD6BC-A296-4B3A-8FDE-EC26DD0DC16D} = {A2222222-2222-2222-2222-222222222222}
	EndGlobalSection
EndGlobal
